
Microsoft Visual Studio Solution File, Format Version 12.00
# Visual Studio Version 16
VisualStudioVersion = 16.0.29009.5
MinimumVisualStudioVersion = 10.0.40219.1
Project("{FAE04EC0-301F-11D3-BF4B-00C04F79EFBC}") = "K5BZI_Logger", "K5BZI_Logger\K5BZI_Logger.csproj", "{48EB1061-0F79-4C88-9FD0-E4299F11C75D}"
EndProject
Project("{FAE04EC0-301F-11D3-BF4B-00C04F79EFBC}") = "K5BZI_Models", "K5BZI_Models\K5BZI_Models.csproj", "{EA0EF54B-D709-45CF-9F8D-0F81232D1610}"
EndProject
Project("{FAE04EC0-301F-11D3-BF4B-00C04F79EFBC}") = "K5BZI_ViewModels", "K5BZI_ViewModels\K5BZI_ViewModels.csproj", "{E5AB77FC-FB88-470D-9E3F-A106FD88349A}"
EndProject
Project("{FAE04EC0-301F-11D3-BF4B-00C04F79EFBC}") = "K5BZI_Services", "K5BZI_Services\K5BZI_Services.csproj", "{DDF31347-D2E9-4764-ACC5-AFCA5DB6CB56}"
EndProject
Project("{FAE04EC0-301F-11D3-BF4B-00C04F79EFBC}") = "K5BZI_Services.Test", "K5BZI_Services.Test\K5BZI_Services.Test.csproj", "{1805D899-3192-4A7D-942D-C46F25F93D93}"
EndProject
Project("{54435603-DBB4-11D2-8724-00A0C9A8B90C}") = "K5BZI_Installer", "K5BZI_Setup\K5BZI_Setup.vdproj", "{1C71EEAB-865C-43E5-8BB3-9FF793FEBF83}"
EndProject
Global
	GlobalSection(SolutionConfigurationPlatforms) = preSolution
		All|Any CPU = All|Any CPU
		All|x64 = All|x64
		All|x86 = All|x86
		Debug|Any CPU = Debug|Any CPU
		Debug|x64 = Debug|x64
		Debug|x86 = Debug|x86
		Release|Any CPU = Release|Any CPU
		Release|x64 = Release|x64
		Release|x86 = Release|x86
	EndGlobalSection
	GlobalSection(ProjectConfigurationPlatforms) = postSolution
		{48EB1061-0F79-4C88-9FD0-E4299F11C75D}.All|Any CPU.ActiveCfg = Release|Any CPU
		{48EB1061-0F79-4C88-9FD0-E4299F11C75D}.All|Any CPU.Build.0 = Release|Any CPU
		{48EB1061-0F79-4C88-9FD0-E4299F11C75D}.All|x64.ActiveCfg = Debug|Any CPU
		{48EB1061-0F79-4C88-9FD0-E4299F11C75D}.All|x64.Build.0 = Debug|Any CPU
		{48EB1061-0F79-4C88-9FD0-E4299F11C75D}.All|x86.ActiveCfg = Debug|Any CPU
		{48EB1061-0F79-4C88-9FD0-E4299F11C75D}.All|x86.Build.0 = Debug|Any CPU
		{48EB1061-0F79-4C88-9FD0-E4299F11C75D}.Debug|Any CPU.ActiveCfg = Debug|Any CPU
		{48EB1061-0F79-4C88-9FD0-E4299F11C75D}.Debug|Any CPU.Build.0 = Debug|Any CPU
		{48EB1061-0F79-4C88-9FD0-E4299F11C75D}.Debug|x64.ActiveCfg = Debug|Any CPU
		{48EB1061-0F79-4C88-9FD0-E4299F11C75D}.Debug|x64.Build.0 = Debug|Any CPU
		{48EB1061-0F79-4C88-9FD0-E4299F11C75D}.Debug|x86.ActiveCfg = Debug|Any CPU
		{48EB1061-0F79-4C88-9FD0-E4299F11C75D}.Debug|x86.Build.0 = Debug|Any CPU
		{48EB1061-0F79-4C88-9FD0-E4299F11C75D}.Release|Any CPU.ActiveCfg = Release|Any CPU
		{48EB1061-0F79-4C88-9FD0-E4299F11C75D}.Release|Any CPU.Build.0 = Release|Any CPU
		{48EB1061-0F79-4C88-9FD0-E4299F11C75D}.Release|x64.ActiveCfg = Release|Any CPU
		{48EB1061-0F79-4C88-9FD0-E4299F11C75D}.Release|x64.Build.0 = Release|Any CPU
		{48EB1061-0F79-4C88-9FD0-E4299F11C75D}.Release|x86.ActiveCfg = Release|Any CPU
		{48EB1061-0F79-4C88-9FD0-E4299F11C75D}.Release|x86.Build.0 = Release|Any CPU
		{EA0EF54B-D709-45CF-9F8D-0F81232D1610}.All|Any CPU.ActiveCfg = Release|Any CPU
		{EA0EF54B-D709-45CF-9F8D-0F81232D1610}.All|Any CPU.Build.0 = Release|Any CPU
		{EA0EF54B-D709-45CF-9F8D-0F81232D1610}.All|x64.ActiveCfg = Debug|Any CPU
		{EA0EF54B-D709-45CF-9F8D-0F81232D1610}.All|x64.Build.0 = Debug|Any CPU
		{EA0EF54B-D709-45CF-9F8D-0F81232D1610}.All|x86.ActiveCfg = Debug|Any CPU
		{EA0EF54B-D709-45CF-9F8D-0F81232D1610}.All|x86.Build.0 = Debug|Any CPU
		{EA0EF54B-D709-45CF-9F8D-0F81232D1610}.Debug|Any CPU.ActiveCfg = Debug|Any CPU
		{EA0EF54B-D709-45CF-9F8D-0F81232D1610}.Debug|Any CPU.Build.0 = Debug|Any CPU
		{EA0EF54B-D709-45CF-9F8D-0F81232D1610}.Debug|x64.ActiveCfg = Debug|Any CPU
		{EA0EF54B-D709-45CF-9F8D-0F81232D1610}.Debug|x64.Build.0 = Debug|Any CPU
		{EA0EF54B-D709-45CF-9F8D-0F81232D1610}.Debug|x86.ActiveCfg = Debug|Any CPU
		{EA0EF54B-D709-45CF-9F8D-0F81232D1610}.Debug|x86.Build.0 = Debug|Any CPU
		{EA0EF54B-D709-45CF-9F8D-0F81232D1610}.Release|Any CPU.ActiveCfg = Release|Any CPU
		{EA0EF54B-D709-45CF-9F8D-0F81232D1610}.Release|Any CPU.Build.0 = Release|Any CPU
		{EA0EF54B-D709-45CF-9F8D-0F81232D1610}.Release|x64.ActiveCfg = Release|Any CPU
		{EA0EF54B-D709-45CF-9F8D-0F81232D1610}.Release|x64.Build.0 = Release|Any CPU
		{EA0EF54B-D709-45CF-9F8D-0F81232D1610}.Release|x86.ActiveCfg = Release|Any CPU
		{EA0EF54B-D709-45CF-9F8D-0F81232D1610}.Release|x86.Build.0 = Release|Any CPU
		{E5AB77FC-FB88-470D-9E3F-A106FD88349A}.All|Any CPU.ActiveCfg = Release|Any CPU
		{E5AB77FC-FB88-470D-9E3F-A106FD88349A}.All|Any CPU.Build.0 = Release|Any CPU
		{E5AB77FC-FB88-470D-9E3F-A106FD88349A}.All|x64.ActiveCfg = Debug|Any CPU
		{E5AB77FC-FB88-470D-9E3F-A106FD88349A}.All|x64.Build.0 = Debug|Any CPU
		{E5AB77FC-FB88-470D-9E3F-A106FD88349A}.All|x86.ActiveCfg = Debug|Any CPU
		{E5AB77FC-FB88-470D-9E3F-A106FD88349A}.All|x86.Build.0 = Debug|Any CPU
		{E5AB77FC-FB88-470D-9E3F-A106FD88349A}.Debug|Any CPU.ActiveCfg = Debug|Any CPU
		{E5AB77FC-FB88-470D-9E3F-A106FD88349A}.Debug|Any CPU.Build.0 = Debug|Any CPU
		{E5AB77FC-FB88-470D-9E3F-A106FD88349A}.Debug|x64.ActiveCfg = Debug|Any CPU
		{E5AB77FC-FB88-470D-9E3F-A106FD88349A}.Debug|x64.Build.0 = Debug|Any CPU
		{E5AB77FC-FB88-470D-9E3F-A106FD88349A}.Debug|x86.ActiveCfg = Debug|Any CPU
		{E5AB77FC-FB88-470D-9E3F-A106FD88349A}.Debug|x86.Build.0 = Debug|Any CPU
		{E5AB77FC-FB88-470D-9E3F-A106FD88349A}.Release|Any CPU.ActiveCfg = Release|Any CPU
		{E5AB77FC-FB88-470D-9E3F-A106FD88349A}.Release|Any CPU.Build.0 = Release|Any CPU
		{E5AB77FC-FB88-470D-9E3F-A106FD88349A}.Release|x64.ActiveCfg = Release|Any CPU
		{E5AB77FC-FB88-470D-9E3F-A106FD88349A}.Release|x64.Build.0 = Release|Any CPU
		{E5AB77FC-FB88-470D-9E3F-A106FD88349A}.Release|x86.ActiveCfg = Release|Any CPU
		{E5AB77FC-FB88-470D-9E3F-A106FD88349A}.Release|x86.Build.0 = Release|Any CPU
		{DDF31347-D2E9-4764-ACC5-AFCA5DB6CB56}.All|Any CPU.ActiveCfg = Release|Any CPU
		{DDF31347-D2E9-4764-ACC5-AFCA5DB6CB56}.All|Any CPU.Build.0 = Release|Any CPU
		{DDF31347-D2E9-4764-ACC5-AFCA5DB6CB56}.All|x64.ActiveCfg = Debug|Any CPU
		{DDF31347-D2E9-4764-ACC5-AFCA5DB6CB56}.All|x64.Build.0 = Debug|Any CPU
		{DDF31347-D2E9-4764-ACC5-AFCA5DB6CB56}.All|x86.ActiveCfg = Debug|Any CPU
		{DDF31347-D2E9-4764-ACC5-AFCA5DB6CB56}.All|x86.Build.0 = Debug|Any CPU
		{DDF31347-D2E9-4764-ACC5-AFCA5DB6CB56}.Debug|Any CPU.ActiveCfg = Debug|Any CPU
		{DDF31347-D2E9-4764-ACC5-AFCA5DB6CB56}.Debug|Any CPU.Build.0 = Debug|Any CPU
		{DDF31347-D2E9-4764-ACC5-AFCA5DB6CB56}.Debug|x64.ActiveCfg = Debug|Any CPU
		{DDF31347-D2E9-4764-ACC5-AFCA5DB6CB56}.Debug|x64.Build.0 = Debug|Any CPU
		{DDF31347-D2E9-4764-ACC5-AFCA5DB6CB56}.Debug|x86.ActiveCfg = Debug|Any CPU
		{DDF31347-D2E9-4764-ACC5-AFCA5DB6CB56}.Debug|x86.Build.0 = Debug|Any CPU
		{DDF31347-D2E9-4764-ACC5-AFCA5DB6CB56}.Release|Any CPU.ActiveCfg = Release|Any CPU
		{DDF31347-D2E9-4764-ACC5-AFCA5DB6CB56}.Release|Any CPU.Build.0 = Release|Any CPU
		{DDF31347-D2E9-4764-ACC5-AFCA5DB6CB56}.Release|x64.ActiveCfg = Release|Any CPU
		{DDF31347-D2E9-4764-ACC5-AFCA5DB6CB56}.Release|x64.Build.0 = Release|Any CPU
		{DDF31347-D2E9-4764-ACC5-AFCA5DB6CB56}.Release|x86.ActiveCfg = Release|Any CPU
		{DDF31347-D2E9-4764-ACC5-AFCA5DB6CB56}.Release|x86.Build.0 = Release|Any CPU
		{1805D899-3192-4A7D-942D-C46F25F93D93}.All|Any CPU.ActiveCfg = Release|Any CPU
		{1805D899-3192-4A7D-942D-C46F25F93D93}.All|Any CPU.Build.0 = Release|Any CPU
		{1805D899-3192-4A7D-942D-C46F25F93D93}.All|x64.ActiveCfg = Debug|Any CPU
		{1805D899-3192-4A7D-942D-C46F25F93D93}.All|x64.Build.0 = Debug|Any CPU
		{1805D899-3192-4A7D-942D-C46F25F93D93}.All|x86.ActiveCfg = Debug|Any CPU
		{1805D899-3192-4A7D-942D-C46F25F93D93}.All|x86.Build.0 = Debug|Any CPU
		{1805D899-3192-4A7D-942D-C46F25F93D93}.Debug|Any CPU.ActiveCfg = Debug|Any CPU
		{1805D899-3192-4A7D-942D-C46F25F93D93}.Debug|Any CPU.Build.0 = Debug|Any CPU
		{1805D899-3192-4A7D-942D-C46F25F93D93}.Debug|x64.ActiveCfg = Debug|Any CPU
		{1805D899-3192-4A7D-942D-C46F25F93D93}.Debug|x64.Build.0 = Debug|Any CPU
		{1805D899-3192-4A7D-942D-C46F25F93D93}.Debug|x86.ActiveCfg = Debug|Any CPU
		{1805D899-3192-4A7D-942D-C46F25F93D93}.Debug|x86.Build.0 = Debug|Any CPU
		{1805D899-3192-4A7D-942D-C46F25F93D93}.Release|Any CPU.ActiveCfg = Release|Any CPU
		{1805D899-3192-4A7D-942D-C46F25F93D93}.Release|Any CPU.Build.0 = Release|Any CPU
		{1805D899-3192-4A7D-942D-C46F25F93D93}.Release|x64.ActiveCfg = Release|Any CPU
		{1805D899-3192-4A7D-942D-C46F25F93D93}.Release|x64.Build.0 = Release|Any CPU
		{1805D899-3192-4A7D-942D-C46F25F93D93}.Release|x86.ActiveCfg = Release|Any CPU
		{1805D899-3192-4A7D-942D-C46F25F93D93}.Release|x86.Build.0 = Release|Any CPU
		{1C71EEAB-865C-43E5-8BB3-9FF793FEBF83}.All|Any CPU.ActiveCfg = Release
		{1C71EEAB-865C-43E5-8BB3-9FF793FEBF83}.All|x64.ActiveCfg = Release
		{1C71EEAB-865C-43E5-8BB3-9FF793FEBF83}.All|x86.ActiveCfg = Release
		{1C71EEAB-865C-43E5-8BB3-9FF793FEBF83}.Debug|Any CPU.ActiveCfg = Debug
		{1C71EEAB-865C-43E5-8BB3-9FF793FEBF83}.Debug|x64.ActiveCfg = Debug
		{1C71EEAB-865C-43E5-8BB3-9FF793FEBF83}.Debug|x86.ActiveCfg = Debug
		{1C71EEAB-865C-43E5-8BB3-9FF793FEBF83}.Release|Any CPU.ActiveCfg = Release
		{1C71EEAB-865C-43E5-8BB3-9FF793FEBF83}.Release|x64.ActiveCfg = Release
		{1C71EEAB-865C-43E5-8BB3-9FF793FEBF83}.Release|x86.ActiveCfg = Release
	EndGlobalSection
	GlobalSection(SolutionProperties) = preSolution
		HideSolutionNode = FALSE
	EndGlobalSection
	GlobalSection(ExtensibilityGlobals) = postSolution
		SolutionGuid = {6E7BB2E0-ECB3-42D7-9C41-EAA0D96403B9}
	EndGlobalSection
EndGlobal
