
Microsoft Visual Studio Solution File, Format Version 12.00
# Visual Studio Version 16
VisualStudioVersion = 16.0.31727.386
MinimumVisualStudioVersion = 10.0.40219.1
Project("{9A19103F-16F7-4668-BE54-9A1E7A4F7556}") = "K5BZI_Logger", "K5BZI_Logger\K5BZI_Logger.csproj", "{0ABF1F5D-3B08-4C1A-AE2F-B8A287271689}"
EndProject
Project("{9A19103F-16F7-4668-BE54-9A1E7A4F7556}") = "K5BZI_Models", "..\K5BZI_Models\K5BZI_Models.csproj", "{EA0EF54B-D709-45CF-9F8D-0F81232D1610}"
EndProject
Project("{9A19103F-16F7-4668-BE54-9A1E7A4F7556}") = "K5BZI_Services", "..\K5BZI_Services\K5BZI_Services.csproj", "{DDF31347-D2E9-4764-ACC5-AFCA5DB6CB56}"
EndProject
Project("{9A19103F-16F7-4668-BE54-9A1E7A4F7556}") = "K5BZI_ViewModels", "..\K5BZI_ViewModels\K5BZI_ViewModels.csproj", "{E5AB77FC-FB88-470D-9E3F-A106FD88349A}"
EndProject
Project("{54435603-DBB4-11D2-8724-00A0C9A8B90C}") = "K5BZI_Logger_Installer", "..\K5BZI_Logger_Installer\K5BZI_Logger_Installer.vdproj", "{3B19C916-2CD2-4BF5-ADA7-EE6C1DD433E5}"
EndProject
Global
	GlobalSection(SolutionConfigurationPlatforms) = preSolution
		Debug|Any CPU = Debug|Any CPU
		Release|Any CPU = Release|Any CPU
	EndGlobalSection
	GlobalSection(ProjectConfigurationPlatforms) = postSolution
		{0ABF1F5D-3B08-4C1A-AE2F-B8A287271689}.Debug|Any CPU.ActiveCfg = Debug|Any CPU
		{0ABF1F5D-3B08-4C1A-AE2F-B8A287271689}.Debug|Any CPU.Build.0 = Debug|Any CPU
		{0ABF1F5D-3B08-4C1A-AE2F-B8A287271689}.Release|Any CPU.ActiveCfg = Release|Any CPU
		{0ABF1F5D-3B08-4C1A-AE2F-B8A287271689}.Release|Any CPU.Build.0 = Release|Any CPU
		{EA0EF54B-D709-45CF-9F8D-0F81232D1610}.Debug|Any CPU.ActiveCfg = Debug|Any CPU
		{EA0EF54B-D709-45CF-9F8D-0F81232D1610}.Debug|Any CPU.Build.0 = Debug|Any CPU
		{EA0EF54B-D709-45CF-9F8D-0F81232D1610}.Release|Any CPU.ActiveCfg = Release|Any CPU
		{EA0EF54B-D709-45CF-9F8D-0F81232D1610}.Release|Any CPU.Build.0 = Release|Any CPU
		{DDF31347-D2E9-4764-ACC5-AFCA5DB6CB56}.Debug|Any CPU.ActiveCfg = Debug|Any CPU
		{DDF31347-D2E9-4764-ACC5-AFCA5DB6CB56}.Debug|Any CPU.Build.0 = Debug|Any CPU
		{DDF31347-D2E9-4764-ACC5-AFCA5DB6CB56}.Release|Any CPU.ActiveCfg = Release|Any CPU
		{DDF31347-D2E9-4764-ACC5-AFCA5DB6CB56}.Release|Any CPU.Build.0 = Release|Any CPU
		{E5AB77FC-FB88-470D-9E3F-A106FD88349A}.Debug|Any CPU.ActiveCfg = Debug|Any CPU
		{E5AB77FC-FB88-470D-9E3F-A106FD88349A}.Debug|Any CPU.Build.0 = Debug|Any CPU
		{E5AB77FC-FB88-470D-9E3F-A106FD88349A}.Release|Any CPU.ActiveCfg = Release|Any CPU
		{E5AB77FC-FB88-470D-9E3F-A106FD88349A}.Release|Any CPU.Build.0 = Release|Any CPU
		{3B19C916-2CD2-4BF5-ADA7-EE6C1DD433E5}.Debug|Any CPU.ActiveCfg = Debug
		{3B19C916-2CD2-4BF5-ADA7-EE6C1DD433E5}.Release|Any CPU.ActiveCfg = Release
		{3B19C916-2CD2-4BF5-ADA7-EE6C1DD433E5}.Release|Any CPU.Build.0 = Release
	EndGlobalSection
	GlobalSection(SolutionProperties) = preSolution
		HideSolutionNode = FALSE
	EndGlobalSection
	GlobalSection(ExtensibilityGlobals) = postSolution
		SolutionGuid = {2BB38954-776F-4B08-A487-57232BF41EFB}
	EndGlobalSection
EndGlobal
