
Microsoft Visual Studio Solution File, Format Version 12.00
# Visual Studio 15
VisualStudioVersion = 15.0.28010.2003
MinimumVisualStudioVersion = 10.0.40219.1
Project("{FAE04EC0-301F-11D3-BF4B-00C04F79EFBC}") = "K5BZI_Logger", "K5BZI_Logger\K5BZI_Logger.csproj", "{48EB1061-0F79-4C88-9FD0-E4299F11C75D}"
EndProject
Project("{FAE04EC0-301F-11D3-BF4B-00C04F79EFBC}") = "K5BZI_Models", "K5BZI_Models\K5BZI_Models.csproj", "{C7B52BDF-5B1B-4E7A-A96F-3ED1158CBAF8}"
EndProject
Global
	GlobalSection(SolutionConfigurationPlatforms) = preSolution
		Debug|Any CPU = Debug|Any CPU
		Release|Any CPU = Release|Any CPU
	EndGlobalSection
	GlobalSection(ProjectConfigurationPlatforms) = postSolution
		{48EB1061-0F79-4C88-9FD0-E4299F11C75D}.Debug|Any CPU.ActiveCfg = Debug|Any CPU
		{48EB1061-0F79-4C88-9FD0-E4299F11C75D}.Debug|Any CPU.Build.0 = Debug|Any CPU
		{48EB1061-0F79-4C88-9FD0-E4299F11C75D}.Release|Any CPU.ActiveCfg = Release|Any CPU
		{48EB1061-0F79-4C88-9FD0-E4299F11C75D}.Release|Any CPU.Build.0 = Release|Any CPU
		{C7B52BDF-5B1B-4E7A-A96F-3ED1158CBAF8}.Debug|Any CPU.ActiveCfg = Debug|Any CPU
		{C7B52BDF-5B1B-4E7A-A96F-3ED1158CBAF8}.Debug|Any CPU.Build.0 = Debug|Any CPU
		{C7B52BDF-5B1B-4E7A-A96F-3ED1158CBAF8}.Release|Any CPU.ActiveCfg = Release|Any CPU
		{C7B52BDF-5B1B-4E7A-A96F-3ED1158CBAF8}.Release|Any CPU.Build.0 = Release|Any CPU
	EndGlobalSection
	GlobalSection(SolutionProperties) = preSolution
		HideSolutionNode = FALSE
	EndGlobalSection
	GlobalSection(ExtensibilityGlobals) = postSolution
		SolutionGuid = {6E7BB2E0-ECB3-42D7-9C41-EAA0D96403B9}
	EndGlobalSection
EndGlobal
